
Microsoft Visual Studio Solution File, Format Version 12.00
# Visual Studio 15
VisualStudioVersion = 15.0.27130.2036
MinimumVisualStudioVersion = 10.0.40219.1
Project("{9A19103F-16F7-4668-BE54-9A1E7A4F7556}") = "WebNetCore", "WebNetCore\WebNetCore.csproj", "{638765F0-6677-41C1-A0C7-9ACD29400207}"
EndProject
Project("{9A19103F-16F7-4668-BE54-9A1E7A4F7556}") = "GQ.Core", "GQ.Core\GQ.Core.csproj", "{6CF2C7A7-E8C7-48FD-A07B-ECA7A5BEB559}"
EndProject
Project("{9A19103F-16F7-4668-BE54-9A1E7A4F7556}") = "GQ.Mail", "GQ.Mail\GQ.Mail.csproj", "{99FB29A4-62F3-4707-839E-1A148FC5E451}"
EndProject
Project("{9A19103F-16F7-4668-BE54-9A1E7A4F7556}") = "GQ.Security", "GQ.Security\GQ.Security.csproj", "{1C8EF037-93BB-4E32-BEFB-A1B5EADCBA39}"
EndProject
Project("{9A19103F-16F7-4668-BE54-9A1E7A4F7556}") = "GQ.Data", "GQ.Data\GQ.Data.csproj", "{31139E69-0BB5-4A21-9774-5FA1234D78E5}"
EndProject
Project("{9A19103F-16F7-4668-BE54-9A1E7A4F7556}") = "GQ.Html", "GQ.Html\GQ.Html.csproj", "{BAD120AC-832E-4096-AFDA-F9293F7F3D62}"
EndProject
Project("{9A19103F-16F7-4668-BE54-9A1E7A4F7556}") = "GQ.Notification", "GQ.Notification\GQ.Notification.csproj", "{2650A2AC-8A01-4AF3-A7E8-9C52EB546F5A}"
EndProject
Project("{9A19103F-16F7-4668-BE54-9A1E7A4F7556}") = "GQ.Socket", "GQ.Socket\GQ.Socket.csproj", "{9970EEA9-6431-419A-8BED-3B00B5F017F7}"
EndProject
Project("{9A19103F-16F7-4668-BE54-9A1E7A4F7556}") = "GQ.Compiler", "GQ.Compiler\GQ.Compiler.csproj", "{92B46E2D-FCEA-4211-BC22-DF178676D143}"
EndProject
Project("{9A19103F-16F7-4668-BE54-9A1E7A4F7556}") = "GQ.Log", "GQ.Log\GQ.Log.csproj", "{ED6D7BBD-978C-4072-B013-8A4463CD20EF}"
EndProject
Project("{9A19103F-16F7-4668-BE54-9A1E7A4F7556}") = "GQ.Security.MCV", "GQ.Security.MCV\GQ.Security.MCV.csproj", "{590A6B1F-5FEA-44F1-B7CD-9AC7F642DC70}"
EndProject
Project("{9A19103F-16F7-4668-BE54-9A1E7A4F7556}") = "GQ.Security.JWT", "GQ.Security.JWT\GQ.Security.JWT.csproj", "{0A665281-14FE-46E4-BBAE-B27941318797}"
EndProject
Project("{9A19103F-16F7-4668-BE54-9A1E7A4F7556}") = "GQ.Template", "GQ.Template\GQ.Template.csproj", "{E42D6607-B7C2-42F9-A143-85AF8C8B86A8}"
EndProject
Project("{9A19103F-16F7-4668-BE54-9A1E7A4F7556}") = "GQ.NoSql", "GQ.NoSql\GQ.NoSql.csproj", "{3B3BE468-9010-42F6-A237-F5AD3DAE0747}"
EndProject
Project("{9A19103F-16F7-4668-BE54-9A1E7A4F7556}") = "GQ.NoSql.Mongo", "GQ.NoSql.Mongo\GQ.NoSql.Mongo.csproj", "{D78A4F48-7338-4474-9A2D-18C49D3AE369}"
EndProject
Project("{9A19103F-16F7-4668-BE54-9A1E7A4F7556}") = "GQ.Sql", "GQ.Sql\GQ.Sql.csproj", "{BC64CB6F-B2E0-4605-9D31-08AC2C3C18C3}"
EndProject
Project("{9A19103F-16F7-4668-BE54-9A1E7A4F7556}") = "GQ.Sql.SQLServer", "GQ.Sql.SQLServer\GQ.Sql.SQLServer.csproj", "{EACA6F5E-8618-4044-BA36-6415CB3E05DC}"
EndProject
Project("{9A19103F-16F7-4668-BE54-9A1E7A4F7556}") = "GQ.Sql.MySQL", "GQ.Sql.MySQL\GQ.Sql.MySQL.csproj", "{B513EB5D-5696-4C44-8F95-8134E23B629D}"
EndProject
Project("{9A19103F-16F7-4668-BE54-9A1E7A4F7556}") = "WebNetCore.Data", "WebNetCore.Data\WebNetCore.Data.csproj", "{FBFB8493-9049-4A38-B08D-9EAEEC58F11E}"
EndProject
Project("{9A19103F-16F7-4668-BE54-9A1E7A4F7556}") = "GQ.Charts", "GQ.Charts\GQ.Charts.csproj", "{CAAFB5FA-D7A1-49C0-A031-1C220B616B7C}"
EndProject
Project("{9A19103F-16F7-4668-BE54-9A1E7A4F7556}") = "GQ.GoogleApi", "GQ.GoogleApi\GQ.GoogleApi.csproj", "{19E6B6FF-BC05-4F9F-9269-A0CAF952D900}"
EndProject
Project("{9A19103F-16F7-4668-BE54-9A1E7A4F7556}") = "GQ.Html.Rest", "GQ.Html.Rest\GQ.Html.Rest.csproj", "{6EDF0AAC-C48C-4636-8D91-516BB764CFE5}"
EndProject
Project("{9A19103F-16F7-4668-BE54-9A1E7A4F7556}") = "TestDllLoader", "TestDllLoader\TestDllLoader.csproj", "{D6F386AE-FC1A-41CB-B95E-D6CC10659A80}"
EndProject
Project("{FAE04EC0-301F-11D3-BF4B-00C04F79EFBC}") = "Web", "Web\Web.csproj", "{2574F603-4B6C-4A30-BFDD-E3BC09EEDFDF}"
EndProject
Project("{9A19103F-16F7-4668-BE54-9A1E7A4F7556}") = "GQ.NoSql.Mongo.UnitTest", "GQ.NoSql.Mongo.UnitTest\GQ.NoSql.Mongo.UnitTest.csproj", "{AB57BB1D-61C8-4CA1-85D3-7B94438C5CBF}"
EndProject
Project("{9A19103F-16F7-4668-BE54-9A1E7A4F7556}") = "GQ.Sql.Oracle", "GQ.Sql.Oracle\GQ.Sql.Oracle.csproj", "{429F2661-3A9F-422E-9E29-61C4910FD6D9}"
EndProject
Project("{9A19103F-16F7-4668-BE54-9A1E7A4F7556}") = "GQ.Sql.Oracle.UnitTest", "GQ.Sql.Oracle.UnitTest\GQ.Sql.Oracle.UnitTest.csproj", "{E2BB2466-6F4E-4F4F-A3E0-CD46849BEBE2}"
EndProject
Project("{9A19103F-16F7-4668-BE54-9A1E7A4F7556}") = "GQ.Compiler.UnitTest", "GQ.Compiler.UnitTest\GQ.Compiler.UnitTest.csproj", "{2DB3E533-129B-4AB0-AC05-A3ABAC487B36}"
EndProject
Project("{9A19103F-16F7-4668-BE54-9A1E7A4F7556}") = "GQ.Html.Rest.UnitTest", "GQ.Html.Rest.UnitTest\GQ.Html.Rest.UnitTest.csproj", "{B130A5F3-B5E9-485B-9797-2C50DDE728F3}"
EndProject
Project("{9A19103F-16F7-4668-BE54-9A1E7A4F7556}") = "GQ.Mail.UnitTest", "GQ.Mail.UnitTest\GQ.Mail.UnitTest.csproj", "{0EF5AC51-63AE-4CC2-A26D-74030C2324BC}"
EndProject
Project("{FAE04EC0-301F-11D3-BF4B-00C04F79EFBC}") = "GQ.Core.UnitTest", "GQ.Core.UnitTest\GQ.Core.UnitTest.csproj", "{0C6C47CB-BE44-41CE-B883-4E59015B4744}"
EndProject
Global
	GlobalSection(SolutionConfigurationPlatforms) = preSolution
		Debug|Any CPU = Debug|Any CPU
		Release|Any CPU = Release|Any CPU
	EndGlobalSection
	GlobalSection(ProjectConfigurationPlatforms) = postSolution
		{638765F0-6677-41C1-A0C7-9ACD29400207}.Debug|Any CPU.ActiveCfg = Debug|Any CPU
		{638765F0-6677-41C1-A0C7-9ACD29400207}.Debug|Any CPU.Build.0 = Debug|Any CPU
		{638765F0-6677-41C1-A0C7-9ACD29400207}.Release|Any CPU.ActiveCfg = Release|Any CPU
		{638765F0-6677-41C1-A0C7-9ACD29400207}.Release|Any CPU.Build.0 = Release|Any CPU
		{6CF2C7A7-E8C7-48FD-A07B-ECA7A5BEB559}.Debug|Any CPU.ActiveCfg = Debug|Any CPU
		{6CF2C7A7-E8C7-48FD-A07B-ECA7A5BEB559}.Debug|Any CPU.Build.0 = Debug|Any CPU
		{6CF2C7A7-E8C7-48FD-A07B-ECA7A5BEB559}.Release|Any CPU.ActiveCfg = Release|Any CPU
		{6CF2C7A7-E8C7-48FD-A07B-ECA7A5BEB559}.Release|Any CPU.Build.0 = Release|Any CPU
		{99FB29A4-62F3-4707-839E-1A148FC5E451}.Debug|Any CPU.ActiveCfg = Debug|Any CPU
		{99FB29A4-62F3-4707-839E-1A148FC5E451}.Debug|Any CPU.Build.0 = Debug|Any CPU
		{99FB29A4-62F3-4707-839E-1A148FC5E451}.Release|Any CPU.ActiveCfg = Release|Any CPU
		{99FB29A4-62F3-4707-839E-1A148FC5E451}.Release|Any CPU.Build.0 = Release|Any CPU
		{1C8EF037-93BB-4E32-BEFB-A1B5EADCBA39}.Debug|Any CPU.ActiveCfg = Debug|Any CPU
		{1C8EF037-93BB-4E32-BEFB-A1B5EADCBA39}.Debug|Any CPU.Build.0 = Debug|Any CPU
		{1C8EF037-93BB-4E32-BEFB-A1B5EADCBA39}.Release|Any CPU.ActiveCfg = Release|Any CPU
		{1C8EF037-93BB-4E32-BEFB-A1B5EADCBA39}.Release|Any CPU.Build.0 = Release|Any CPU
		{31139E69-0BB5-4A21-9774-5FA1234D78E5}.Debug|Any CPU.ActiveCfg = Debug|Any CPU
		{31139E69-0BB5-4A21-9774-5FA1234D78E5}.Debug|Any CPU.Build.0 = Debug|Any CPU
		{31139E69-0BB5-4A21-9774-5FA1234D78E5}.Release|Any CPU.ActiveCfg = Release|Any CPU
		{31139E69-0BB5-4A21-9774-5FA1234D78E5}.Release|Any CPU.Build.0 = Release|Any CPU
		{BAD120AC-832E-4096-AFDA-F9293F7F3D62}.Debug|Any CPU.ActiveCfg = Debug|Any CPU
		{BAD120AC-832E-4096-AFDA-F9293F7F3D62}.Debug|Any CPU.Build.0 = Debug|Any CPU
		{BAD120AC-832E-4096-AFDA-F9293F7F3D62}.Release|Any CPU.ActiveCfg = Release|Any CPU
		{BAD120AC-832E-4096-AFDA-F9293F7F3D62}.Release|Any CPU.Build.0 = Release|Any CPU
		{2650A2AC-8A01-4AF3-A7E8-9C52EB546F5A}.Debug|Any CPU.ActiveCfg = Debug|Any CPU
		{2650A2AC-8A01-4AF3-A7E8-9C52EB546F5A}.Debug|Any CPU.Build.0 = Debug|Any CPU
		{2650A2AC-8A01-4AF3-A7E8-9C52EB546F5A}.Release|Any CPU.ActiveCfg = Release|Any CPU
		{2650A2AC-8A01-4AF3-A7E8-9C52EB546F5A}.Release|Any CPU.Build.0 = Release|Any CPU
		{9970EEA9-6431-419A-8BED-3B00B5F017F7}.Debug|Any CPU.ActiveCfg = Debug|Any CPU
		{9970EEA9-6431-419A-8BED-3B00B5F017F7}.Debug|Any CPU.Build.0 = Debug|Any CPU
		{9970EEA9-6431-419A-8BED-3B00B5F017F7}.Release|Any CPU.ActiveCfg = Release|Any CPU
		{9970EEA9-6431-419A-8BED-3B00B5F017F7}.Release|Any CPU.Build.0 = Release|Any CPU
		{92B46E2D-FCEA-4211-BC22-DF178676D143}.Debug|Any CPU.ActiveCfg = Debug|Any CPU
		{92B46E2D-FCEA-4211-BC22-DF178676D143}.Debug|Any CPU.Build.0 = Debug|Any CPU
		{92B46E2D-FCEA-4211-BC22-DF178676D143}.Release|Any CPU.ActiveCfg = Release|Any CPU
		{92B46E2D-FCEA-4211-BC22-DF178676D143}.Release|Any CPU.Build.0 = Release|Any CPU
		{ED6D7BBD-978C-4072-B013-8A4463CD20EF}.Debug|Any CPU.ActiveCfg = Debug|Any CPU
		{ED6D7BBD-978C-4072-B013-8A4463CD20EF}.Debug|Any CPU.Build.0 = Debug|Any CPU
		{ED6D7BBD-978C-4072-B013-8A4463CD20EF}.Release|Any CPU.ActiveCfg = Release|Any CPU
		{ED6D7BBD-978C-4072-B013-8A4463CD20EF}.Release|Any CPU.Build.0 = Release|Any CPU
		{590A6B1F-5FEA-44F1-B7CD-9AC7F642DC70}.Debug|Any CPU.ActiveCfg = Debug|Any CPU
		{590A6B1F-5FEA-44F1-B7CD-9AC7F642DC70}.Debug|Any CPU.Build.0 = Debug|Any CPU
		{590A6B1F-5FEA-44F1-B7CD-9AC7F642DC70}.Release|Any CPU.ActiveCfg = Release|Any CPU
		{590A6B1F-5FEA-44F1-B7CD-9AC7F642DC70}.Release|Any CPU.Build.0 = Release|Any CPU
		{0A665281-14FE-46E4-BBAE-B27941318797}.Debug|Any CPU.ActiveCfg = Debug|Any CPU
		{0A665281-14FE-46E4-BBAE-B27941318797}.Debug|Any CPU.Build.0 = Debug|Any CPU
		{0A665281-14FE-46E4-BBAE-B27941318797}.Release|Any CPU.ActiveCfg = Release|Any CPU
		{0A665281-14FE-46E4-BBAE-B27941318797}.Release|Any CPU.Build.0 = Release|Any CPU
		{E42D6607-B7C2-42F9-A143-85AF8C8B86A8}.Debug|Any CPU.ActiveCfg = Debug|Any CPU
		{E42D6607-B7C2-42F9-A143-85AF8C8B86A8}.Debug|Any CPU.Build.0 = Debug|Any CPU
		{E42D6607-B7C2-42F9-A143-85AF8C8B86A8}.Release|Any CPU.ActiveCfg = Release|Any CPU
		{E42D6607-B7C2-42F9-A143-85AF8C8B86A8}.Release|Any CPU.Build.0 = Release|Any CPU
		{3B3BE468-9010-42F6-A237-F5AD3DAE0747}.Debug|Any CPU.ActiveCfg = Debug|Any CPU
		{3B3BE468-9010-42F6-A237-F5AD3DAE0747}.Debug|Any CPU.Build.0 = Debug|Any CPU
		{3B3BE468-9010-42F6-A237-F5AD3DAE0747}.Release|Any CPU.ActiveCfg = Release|Any CPU
		{3B3BE468-9010-42F6-A237-F5AD3DAE0747}.Release|Any CPU.Build.0 = Release|Any CPU
		{D78A4F48-7338-4474-9A2D-18C49D3AE369}.Debug|Any CPU.ActiveCfg = Debug|Any CPU
		{D78A4F48-7338-4474-9A2D-18C49D3AE369}.Debug|Any CPU.Build.0 = Debug|Any CPU
		{D78A4F48-7338-4474-9A2D-18C49D3AE369}.Release|Any CPU.ActiveCfg = Release|Any CPU
		{D78A4F48-7338-4474-9A2D-18C49D3AE369}.Release|Any CPU.Build.0 = Release|Any CPU
		{BC64CB6F-B2E0-4605-9D31-08AC2C3C18C3}.Debug|Any CPU.ActiveCfg = Debug|Any CPU
		{BC64CB6F-B2E0-4605-9D31-08AC2C3C18C3}.Debug|Any CPU.Build.0 = Debug|Any CPU
		{BC64CB6F-B2E0-4605-9D31-08AC2C3C18C3}.Release|Any CPU.ActiveCfg = Release|Any CPU
		{BC64CB6F-B2E0-4605-9D31-08AC2C3C18C3}.Release|Any CPU.Build.0 = Release|Any CPU
		{EACA6F5E-8618-4044-BA36-6415CB3E05DC}.Debug|Any CPU.ActiveCfg = Debug|Any CPU
		{EACA6F5E-8618-4044-BA36-6415CB3E05DC}.Debug|Any CPU.Build.0 = Debug|Any CPU
		{EACA6F5E-8618-4044-BA36-6415CB3E05DC}.Release|Any CPU.ActiveCfg = Release|Any CPU
		{EACA6F5E-8618-4044-BA36-6415CB3E05DC}.Release|Any CPU.Build.0 = Release|Any CPU
		{B513EB5D-5696-4C44-8F95-8134E23B629D}.Debug|Any CPU.ActiveCfg = Debug|Any CPU
		{B513EB5D-5696-4C44-8F95-8134E23B629D}.Debug|Any CPU.Build.0 = Debug|Any CPU
		{B513EB5D-5696-4C44-8F95-8134E23B629D}.Release|Any CPU.ActiveCfg = Release|Any CPU
		{B513EB5D-5696-4C44-8F95-8134E23B629D}.Release|Any CPU.Build.0 = Release|Any CPU
		{FBFB8493-9049-4A38-B08D-9EAEEC58F11E}.Debug|Any CPU.ActiveCfg = Debug|Any CPU
		{FBFB8493-9049-4A38-B08D-9EAEEC58F11E}.Debug|Any CPU.Build.0 = Debug|Any CPU
		{FBFB8493-9049-4A38-B08D-9EAEEC58F11E}.Release|Any CPU.ActiveCfg = Release|Any CPU
		{FBFB8493-9049-4A38-B08D-9EAEEC58F11E}.Release|Any CPU.Build.0 = Release|Any CPU
		{CAAFB5FA-D7A1-49C0-A031-1C220B616B7C}.Debug|Any CPU.ActiveCfg = Debug|Any CPU
		{CAAFB5FA-D7A1-49C0-A031-1C220B616B7C}.Debug|Any CPU.Build.0 = Debug|Any CPU
		{CAAFB5FA-D7A1-49C0-A031-1C220B616B7C}.Release|Any CPU.ActiveCfg = Release|Any CPU
		{CAAFB5FA-D7A1-49C0-A031-1C220B616B7C}.Release|Any CPU.Build.0 = Release|Any CPU
		{19E6B6FF-BC05-4F9F-9269-A0CAF952D900}.Debug|Any CPU.ActiveCfg = Debug|Any CPU
		{19E6B6FF-BC05-4F9F-9269-A0CAF952D900}.Debug|Any CPU.Build.0 = Debug|Any CPU
		{19E6B6FF-BC05-4F9F-9269-A0CAF952D900}.Release|Any CPU.ActiveCfg = Release|Any CPU
		{19E6B6FF-BC05-4F9F-9269-A0CAF952D900}.Release|Any CPU.Build.0 = Release|Any CPU
		{6EDF0AAC-C48C-4636-8D91-516BB764CFE5}.Debug|Any CPU.ActiveCfg = Debug|Any CPU
		{6EDF0AAC-C48C-4636-8D91-516BB764CFE5}.Debug|Any CPU.Build.0 = Debug|Any CPU
		{6EDF0AAC-C48C-4636-8D91-516BB764CFE5}.Release|Any CPU.ActiveCfg = Release|Any CPU
		{6EDF0AAC-C48C-4636-8D91-516BB764CFE5}.Release|Any CPU.Build.0 = Release|Any CPU
		{D6F386AE-FC1A-41CB-B95E-D6CC10659A80}.Debug|Any CPU.ActiveCfg = Debug|Any CPU
		{D6F386AE-FC1A-41CB-B95E-D6CC10659A80}.Debug|Any CPU.Build.0 = Debug|Any CPU
		{D6F386AE-FC1A-41CB-B95E-D6CC10659A80}.Release|Any CPU.ActiveCfg = Release|Any CPU
		{D6F386AE-FC1A-41CB-B95E-D6CC10659A80}.Release|Any CPU.Build.0 = Release|Any CPU
		{2574F603-4B6C-4A30-BFDD-E3BC09EEDFDF}.Debug|Any CPU.ActiveCfg = Debug|Any CPU
		{2574F603-4B6C-4A30-BFDD-E3BC09EEDFDF}.Debug|Any CPU.Build.0 = Debug|Any CPU
		{2574F603-4B6C-4A30-BFDD-E3BC09EEDFDF}.Release|Any CPU.ActiveCfg = Release|Any CPU
		{2574F603-4B6C-4A30-BFDD-E3BC09EEDFDF}.Release|Any CPU.Build.0 = Release|Any CPU
		{AB57BB1D-61C8-4CA1-85D3-7B94438C5CBF}.Debug|Any CPU.ActiveCfg = Debug|Any CPU
		{AB57BB1D-61C8-4CA1-85D3-7B94438C5CBF}.Debug|Any CPU.Build.0 = Debug|Any CPU
		{AB57BB1D-61C8-4CA1-85D3-7B94438C5CBF}.Release|Any CPU.ActiveCfg = Release|Any CPU
		{AB57BB1D-61C8-4CA1-85D3-7B94438C5CBF}.Release|Any CPU.Build.0 = Release|Any CPU
		{429F2661-3A9F-422E-9E29-61C4910FD6D9}.Debug|Any CPU.ActiveCfg = Debug|Any CPU
		{429F2661-3A9F-422E-9E29-61C4910FD6D9}.Debug|Any CPU.Build.0 = Debug|Any CPU
		{429F2661-3A9F-422E-9E29-61C4910FD6D9}.Release|Any CPU.ActiveCfg = Release|Any CPU
		{429F2661-3A9F-422E-9E29-61C4910FD6D9}.Release|Any CPU.Build.0 = Release|Any CPU
		{E2BB2466-6F4E-4F4F-A3E0-CD46849BEBE2}.Debug|Any CPU.ActiveCfg = Debug|Any CPU
		{E2BB2466-6F4E-4F4F-A3E0-CD46849BEBE2}.Debug|Any CPU.Build.0 = Debug|Any CPU
		{E2BB2466-6F4E-4F4F-A3E0-CD46849BEBE2}.Release|Any CPU.ActiveCfg = Release|Any CPU
		{E2BB2466-6F4E-4F4F-A3E0-CD46849BEBE2}.Release|Any CPU.Build.0 = Release|Any CPU
		{2DB3E533-129B-4AB0-AC05-A3ABAC487B36}.Debug|Any CPU.ActiveCfg = Debug|Any CPU
		{2DB3E533-129B-4AB0-AC05-A3ABAC487B36}.Debug|Any CPU.Build.0 = Debug|Any CPU
		{2DB3E533-129B-4AB0-AC05-A3ABAC487B36}.Release|Any CPU.ActiveCfg = Release|Any CPU
		{2DB3E533-129B-4AB0-AC05-A3ABAC487B36}.Release|Any CPU.Build.0 = Release|Any CPU
		{B130A5F3-B5E9-485B-9797-2C50DDE728F3}.Debug|Any CPU.ActiveCfg = Debug|Any CPU
		{B130A5F3-B5E9-485B-9797-2C50DDE728F3}.Debug|Any CPU.Build.0 = Debug|Any CPU
		{B130A5F3-B5E9-485B-9797-2C50DDE728F3}.Release|Any CPU.ActiveCfg = Release|Any CPU
		{B130A5F3-B5E9-485B-9797-2C50DDE728F3}.Release|Any CPU.Build.0 = Release|Any CPU
		{0EF5AC51-63AE-4CC2-A26D-74030C2324BC}.Debug|Any CPU.ActiveCfg = Debug|Any CPU
		{0EF5AC51-63AE-4CC2-A26D-74030C2324BC}.Debug|Any CPU.Build.0 = Debug|Any CPU
		{0EF5AC51-63AE-4CC2-A26D-74030C2324BC}.Release|Any CPU.ActiveCfg = Release|Any CPU
		{0EF5AC51-63AE-4CC2-A26D-74030C2324BC}.Release|Any CPU.Build.0 = Release|Any CPU
		{0C6C47CB-BE44-41CE-B883-4E59015B4744}.Debug|Any CPU.ActiveCfg = Debug|Any CPU
		{0C6C47CB-BE44-41CE-B883-4E59015B4744}.Debug|Any CPU.Build.0 = Debug|Any CPU
		{0C6C47CB-BE44-41CE-B883-4E59015B4744}.Release|Any CPU.ActiveCfg = Release|Any CPU
		{0C6C47CB-BE44-41CE-B883-4E59015B4744}.Release|Any CPU.Build.0 = Release|Any CPU
	EndGlobalSection
	GlobalSection(SolutionProperties) = preSolution
		HideSolutionNode = FALSE
	EndGlobalSection
	GlobalSection(ExtensibilityGlobals) = postSolution
		SolutionGuid = {B5081ACB-4057-41AD-9CC1-957BEF64DC04}
	EndGlobalSection
EndGlobal
