
Microsoft Visual Studio Solution File, Format Version 12.00
# Visual Studio 15
VisualStudioVersion = 15.0.26403.7
MinimumVisualStudioVersion = 10.0.40219.1
Project("{FAE04EC0-301F-11D3-BF4B-00C04F79EFBC}") = "GQDataService", "DataService\GQDataService.csproj", "{C0FA2358-F044-4A32-92BC-66A41D4F9E96}"
EndProject
Project("{9A19103F-16F7-4668-BE54-9A1E7A4F7556}") = "GQService", "GQService\GQService.csproj", "{9A18933D-A609-42D6-ABC8-911E2C909062}"
EndProject
Project("{9A19103F-16F7-4668-BE54-9A1E7A4F7556}") = "GQ", "GQ\GQ.csproj", "{45CA342E-DCE6-4C99-8EE3-4465A5382BD3}"
EndProject
Global
	GlobalSection(SolutionConfigurationPlatforms) = preSolution
		Debug|Any CPU = Debug|Any CPU
		Release|Any CPU = Release|Any CPU
	EndGlobalSection
	GlobalSection(ProjectConfigurationPlatforms) = postSolution
		{C0FA2358-F044-4A32-92BC-66A41D4F9E96}.Debug|Any CPU.ActiveCfg = Debug|Any CPU
		{C0FA2358-F044-4A32-92BC-66A41D4F9E96}.Debug|Any CPU.Build.0 = Debug|Any CPU
		{C0FA2358-F044-4A32-92BC-66A41D4F9E96}.Release|Any CPU.ActiveCfg = Release|Any CPU
		{C0FA2358-F044-4A32-92BC-66A41D4F9E96}.Release|Any CPU.Build.0 = Release|Any CPU
		{9A18933D-A609-42D6-ABC8-911E2C909062}.Debug|Any CPU.ActiveCfg = Debug|Any CPU
		{9A18933D-A609-42D6-ABC8-911E2C909062}.Debug|Any CPU.Build.0 = Debug|Any CPU
		{9A18933D-A609-42D6-ABC8-911E2C909062}.Release|Any CPU.ActiveCfg = Release|Any CPU
		{9A18933D-A609-42D6-ABC8-911E2C909062}.Release|Any CPU.Build.0 = Release|Any CPU
		{45CA342E-DCE6-4C99-8EE3-4465A5382BD3}.Debug|Any CPU.ActiveCfg = Debug|Any CPU
		{45CA342E-DCE6-4C99-8EE3-4465A5382BD3}.Debug|Any CPU.Build.0 = Debug|Any CPU
		{45CA342E-DCE6-4C99-8EE3-4465A5382BD3}.Release|Any CPU.ActiveCfg = Release|Any CPU
		{45CA342E-DCE6-4C99-8EE3-4465A5382BD3}.Release|Any CPU.Build.0 = Release|Any CPU
	EndGlobalSection
	GlobalSection(SolutionProperties) = preSolution
		HideSolutionNode = FALSE
	EndGlobalSection
EndGlobal
